// !$*UTF8*$!
{
	archiveVersion = 1;
	classes = {
	};
	objectVersion = 46;
	objects = {

/* Begin PBXBuildFile section */
		56021FB31E6FDF1E00EABB7F /* AppDelegate.swift in Sources */ = {isa = PBXBuildFile; fileRef = 56021FB21E6FDF1E00EABB7F /* AppDelegate.swift */; };
		56021FB51E6FDF1E00EABB7F /* SearchViewController.swift in Sources */ = {isa = PBXBuildFile; fileRef = 56021FB41E6FDF1E00EABB7F /* SearchViewController.swift */; };
		56021FB81E6FDF1E00EABB7F /* Main.storyboard in Resources */ = {isa = PBXBuildFile; fileRef = 56021FB61E6FDF1E00EABB7F /* Main.storyboard */; };
		56021FBA1E6FDF1E00EABB7F /* Assets.xcassets in Resources */ = {isa = PBXBuildFile; fileRef = 56021FB91E6FDF1E00EABB7F /* Assets.xcassets */; };
		56021FBD1E6FDF1E00EABB7F /* LaunchScreen.storyboard in Resources */ = {isa = PBXBuildFile; fileRef = 56021FBB1E6FDF1E00EABB7F /* LaunchScreen.storyboard */; };
		56021FC51E6FEE9200EABB7F /* PhotoTableViewCell.swift in Sources */ = {isa = PBXBuildFile; fileRef = 56021FC41E6FEE9200EABB7F /* PhotoTableViewCell.swift */; };
		56021FC91E6FF48E00EABB7F /* SearchViewModel.swift in Sources */ = {isa = PBXBuildFile; fileRef = 56021FC81E6FF48E00EABB7F /* SearchViewModel.swift */; };
		56021FCB1E6FF51800EABB7F /* Photo.swift in Sources */ = {isa = PBXBuildFile; fileRef = 56021FCA1E6FF51800EABB7F /* Photo.swift */; };
		768E63822B7ED5439183853C /* Pods_SearchFlickrWithRxSwift.framework in Frameworks */ = {isa = PBXBuildFile; fileRef = 1DD73B4F2912CA7F4C6EAD7F /* Pods_SearchFlickrWithRxSwift.framework */; };
/* End PBXBuildFile section */

/* Begin PBXFileReference section */
		1DD73B4F2912CA7F4C6EAD7F /* Pods_SearchFlickrWithRxSwift.framework */ = {isa = PBXFileReference; explicitFileType = wrapper.framework; includeInIndex = 0; path = Pods_SearchFlickrWithRxSwift.framework; sourceTree = BUILT_PRODUCTS_DIR; };
		4B74386B41FE9274556C4BFF /* Pods-SearchFlickrWithRxSwift.release.xcconfig */ = {isa = PBXFileReference; includeInIndex = 1; lastKnownFileType = text.xcconfig; name = "Pods-SearchFlickrWithRxSwift.release.xcconfig"; path = "Pods/Target Support Files/Pods-SearchFlickrWithRxSwift/Pods-SearchFlickrWithRxSwift.release.xcconfig"; sourceTree = "<group>"; };
		56021FAF1E6FDF1E00EABB7F /* SearchFlickrWithRxSwift.app */ = {isa = PBXFileReference; explicitFileType = wrapper.application; includeInIndex = 0; path = SearchFlickrWithRxSwift.app; sourceTree = BUILT_PRODUCTS_DIR; };
		56021FB21E6FDF1E00EABB7F /* AppDelegate.swift */ = {isa = PBXFileReference; lastKnownFileType = sourcecode.swift; path = AppDelegate.swift; sourceTree = "<group>"; };
		56021FB41E6FDF1E00EABB7F /* SearchViewController.swift */ = {isa = PBXFileReference; lastKnownFileType = sourcecode.swift; path = SearchViewController.swift; sourceTree = "<group>"; };
		56021FB71E6FDF1E00EABB7F /* Base */ = {isa = PBXFileReference; lastKnownFileType = file.storyboard; name = Base; path = Base.lproj/Main.storyboard; sourceTree = "<group>"; };
		56021FB91E6FDF1E00EABB7F /* Assets.xcassets */ = {isa = PBXFileReference; lastKnownFileType = folder.assetcatalog; path = Assets.xcassets; sourceTree = "<group>"; };
		56021FBC1E6FDF1E00EABB7F /* Base */ = {isa = PBXFileReference; lastKnownFileType = file.storyboard; name = Base; path = Base.lproj/LaunchScreen.storyboard; sourceTree = "<group>"; };
		56021FBE1E6FDF1E00EABB7F /* Info.plist */ = {isa = PBXFileReference; lastKnownFileType = text.plist.xml; path = Info.plist; sourceTree = "<group>"; };
		56021FC41E6FEE9200EABB7F /* PhotoTableViewCell.swift */ = {isa = PBXFileReference; fileEncoding = 4; lastKnownFileType = sourcecode.swift; path = PhotoTableViewCell.swift; sourceTree = "<group>"; };
		56021FC81E6FF48E00EABB7F /* SearchViewModel.swift */ = {isa = PBXFileReference; fileEncoding = 4; lastKnownFileType = sourcecode.swift; path = SearchViewModel.swift; sourceTree = "<group>"; };
		56021FCA1E6FF51800EABB7F /* Photo.swift */ = {isa = PBXFileReference; fileEncoding = 4; lastKnownFileType = sourcecode.swift; path = Photo.swift; sourceTree = "<group>"; };
		7DA5F851CFD21887AA251A02 /* Pods-SearchFlickrWithRxSwift.debug.xcconfig */ = {isa = PBXFileReference; includeInIndex = 1; lastKnownFileType = text.xcconfig; name = "Pods-SearchFlickrWithRxSwift.debug.xcconfig"; path = "Pods/Target Support Files/Pods-SearchFlickrWithRxSwift/Pods-SearchFlickrWithRxSwift.debug.xcconfig"; sourceTree = "<group>"; };
/* End PBXFileReference section */

/* Begin PBXFrameworksBuildPhase section */
		56021FAC1E6FDF1E00EABB7F /* Frameworks */ = {
			isa = PBXFrameworksBuildPhase;
			buildActionMask = 2147483647;
			files = (
				768E63822B7ED5439183853C /* Pods_SearchFlickrWithRxSwift.framework in Frameworks */,
			);
			runOnlyForDeploymentPostprocessing = 0;
		};
/* End PBXFrameworksBuildPhase section */

/* Begin PBXGroup section */
		3D9081DE556A03F8720EEE8B /* Frameworks */ = {
			isa = PBXGroup;
			children = (
				1DD73B4F2912CA7F4C6EAD7F /* Pods_SearchFlickrWithRxSwift.framework */,
			);
			name = Frameworks;
			sourceTree = "<group>";
		};
		56021FA61E6FDF1E00EABB7F = {
			isa = PBXGroup;
			children = (
				56021FB11E6FDF1E00EABB7F /* SearchFlickrWithRxSwift */,
				56021FB01E6FDF1E00EABB7F /* Products */,
				D6BD0B7C6212BBB0D21D71E8 /* Pods */,
				3D9081DE556A03F8720EEE8B /* Frameworks */,
			);
			sourceTree = "<group>";
		};
		56021FB01E6FDF1E00EABB7F /* Products */ = {
			isa = PBXGroup;
			children = (
				56021FAF1E6FDF1E00EABB7F /* SearchFlickrWithRxSwift.app */,
			);
			name = Products;
			sourceTree = "<group>";
		};
		56021FB11E6FDF1E00EABB7F /* SearchFlickrWithRxSwift */ = {
			isa = PBXGroup;
			children = (
				56021FB21E6FDF1E00EABB7F /* AppDelegate.swift */,
				56021FB41E6FDF1E00EABB7F /* SearchViewController.swift */,
				56021FC41E6FEE9200EABB7F /* PhotoTableViewCell.swift */,
				56021FC81E6FF48E00EABB7F /* SearchViewModel.swift */,
				56021FCA1E6FF51800EABB7F /* Photo.swift */,
				56021FB61E6FDF1E00EABB7F /* Main.storyboard */,
				56021FB91E6FDF1E00EABB7F /* Assets.xcassets */,
				56021FBB1E6FDF1E00EABB7F /* LaunchScreen.storyboard */,
				56021FBE1E6FDF1E00EABB7F /* Info.plist */,
			);
			path = SearchFlickrWithRxSwift;
			sourceTree = "<group>";
		};
		D6BD0B7C6212BBB0D21D71E8 /* Pods */ = {
			isa = PBXGroup;
			children = (
				7DA5F851CFD21887AA251A02 /* Pods-SearchFlickrWithRxSwift.debug.xcconfig */,
				4B74386B41FE9274556C4BFF /* Pods-SearchFlickrWithRxSwift.release.xcconfig */,
			);
			name = Pods;
			sourceTree = "<group>";
		};
/* End PBXGroup section */

/* Begin PBXNativeTarget section */
		56021FAE1E6FDF1E00EABB7F /* SearchFlickrWithRxSwift */ = {
			isa = PBXNativeTarget;
			buildConfigurationList = 56021FC11E6FDF1E00EABB7F /* Build configuration list for PBXNativeTarget "SearchFlickrWithRxSwift" */;
			buildPhases = (
				7A426CE4B12BA79AD7ED1D5C /* [CP] Check Pods Manifest.lock */,
				56021FAB1E6FDF1E00EABB7F /* Sources */,
				56021FAC1E6FDF1E00EABB7F /* Frameworks */,
				56021FAD1E6FDF1E00EABB7F /* Resources */,
				4709EBCD625599A4FEDFBE1E /* [CP] Embed Pods Frameworks */,
				3A0E18BCEDEAA1EDE823B6D3 /* [CP] Copy Pods Resources */,
			);
			buildRules = (
			);
			dependencies = (
			);
			name = SearchFlickrWithRxSwift;
			productName = SearchFlickrWithRxSwift;
			productReference = 56021FAF1E6FDF1E00EABB7F /* SearchFlickrWithRxSwift.app */;
			productType = "com.apple.product-type.application";
		};
/* End PBXNativeTarget section */

/* Begin PBXProject section */
		56021FA71E6FDF1E00EABB7F /* Project object */ = {
			isa = PBXProject;
			attributes = {
				LastSwiftUpdateCheck = 0820;
				LastUpgradeCheck = 0820;
				ORGANIZATIONNAME = Marian;
				TargetAttributes = {
					56021FAE1E6FDF1E00EABB7F = {
						CreatedOnToolsVersion = 8.2.1;
						DevelopmentTeam = FPXNQTY99F;
						ProvisioningStyle = Automatic;
					};
				};
			};
			buildConfigurationList = 56021FAA1E6FDF1E00EABB7F /* Build configuration list for PBXProject "SearchFlickrWithRxSwift" */;
			compatibilityVersion = "Xcode 3.2";
			developmentRegion = English;
			hasScannedForEncodings = 0;
			knownRegions = (
				en,
				Base,
			);
			mainGroup = 56021FA61E6FDF1E00EABB7F;
			productRefGroup = 56021FB01E6FDF1E00EABB7F /* Products */;
			projectDirPath = "";
			projectRoot = "";
			targets = (
				56021FAE1E6FDF1E00EABB7F /* SearchFlickrWithRxSwift */,
			);
		};
/* End PBXProject section */

/* Begin PBXResourcesBuildPhase section */
		56021FAD1E6FDF1E00EABB7F /* Resources */ = {
			isa = PBXResourcesBuildPhase;
			buildActionMask = 2147483647;
			files = (
				56021FBD1E6FDF1E00EABB7F /* LaunchScreen.storyboard in Resources */,
				56021FBA1E6FDF1E00EABB7F /* Assets.xcassets in Resources */,
				56021FB81E6FDF1E00EABB7F /* Main.storyboard in Resources */,
			);
			runOnlyForDeploymentPostprocessing = 0;
		};
/* End PBXResourcesBuildPhase section */

/* Begin PBXShellScriptBuildPhase section */
		3A0E18BCEDEAA1EDE823B6D3 /* [CP] Copy Pods Resources */ = {
			isa = PBXShellScriptBuildPhase;
			buildActionMask = 2147483647;
			files = (
			);
			inputPaths = (
			);
			name = "[CP] Copy Pods Resources";
			outputPaths = (
			);
			runOnlyForDeploymentPostprocessing = 0;
			shellPath = /bin/sh;
			shellScript = "\"${SRCROOT}/Pods/Target Support Files/Pods-SearchFlickrWithRxSwift/Pods-SearchFlickrWithRxSwift-resources.sh\"\n";
			showEnvVarsInLog = 0;
		};
		4709EBCD625599A4FEDFBE1E /* [CP] Embed Pods Frameworks */ = {
			isa = PBXShellScriptBuildPhase;
			buildActionMask = 2147483647;
			files = (
			);
			inputPaths = (
			);
			name = "[CP] Embed Pods Frameworks";
			outputPaths = (
			);
			runOnlyForDeploymentPostprocessing = 0;
			shellPath = /bin/sh;
			shellScript = "\"${SRCROOT}/Pods/Target Support Files/Pods-SearchFlickrWithRxSwift/Pods-SearchFlickrWithRxSwift-frameworks.sh\"\n";
			showEnvVarsInLog = 0;
		};
		7A426CE4B12BA79AD7ED1D5C /* [CP] Check Pods Manifest.lock */ = {
			isa = PBXShellScriptBuildPhase;
			buildActionMask = 2147483647;
			files = (
			);
			inputPaths = (
			);
			name = "[CP] Check Pods Manifest.lock";
			outputPaths = (
			);
			runOnlyForDeploymentPostprocessing = 0;
			shellPath = /bin/sh;
			shellScript = "diff \"${PODS_ROOT}/../Podfile.lock\" \"${PODS_ROOT}/Manifest.lock\" > /dev/null\nif [ $? != 0 ] ; then\n    # print error to STDERR\n    echo \"error: The sandbox is not in sync with the Podfile.lock. Run 'pod install' or update your CocoaPods installation.\" >&2\n    exit 1\nfi\n";
			showEnvVarsInLog = 0;
		};
/* End PBXShellScriptBuildPhase section */

/* Begin PBXSourcesBuildPhase section */
		56021FAB1E6FDF1E00EABB7F /* Sources */ = {
			isa = PBXSourcesBuildPhase;
			buildActionMask = 2147483647;
			files = (
				56021FCB1E6FF51800EABB7F /* Photo.swift in Sources */,
				56021FB51E6FDF1E00EABB7F /* SearchViewController.swift in Sources */,
				56021FC91E6FF48E00EABB7F /* SearchViewModel.swift in Sources */,
				56021FB31E6FDF1E00EABB7F /* AppDelegate.swift in Sources */,
				56021FC51E6FEE9200EABB7F /* PhotoTableViewCell.swift in Sources */,
			);
			runOnlyForDeploymentPostprocessing = 0;
		};
/* End PBXSourcesBuildPhase section */

/* Begin PBXVariantGroup section */
		56021FB61E6FDF1E00EABB7F /* Main.storyboard */ = {
			isa = PBXVariantGroup;
			children = (
				56021FB71E6FDF1E00EABB7F /* Base */,
			);
			name = Main.storyboard;
			sourceTree = "<group>";
		};
		56021FBB1E6FDF1E00EABB7F /* LaunchScreen.storyboard */ = {
			isa = PBXVariantGroup;
			children = (
				56021FBC1E6FDF1E00EABB7F /* Base */,
			);
			name = LaunchScreen.storyboard;
			sourceTree = "<group>";
		};
/* End PBXVariantGroup section */

/* Begin XCBuildConfiguration section */
		56021FBF1E6FDF1E00EABB7F /* Debug */ = {
			isa = XCBuildConfiguration;
			buildSettings = {
				ALWAYS_SEARCH_USER_PATHS = NO;
				CLANG_ANALYZER_NONNULL = YES;
				CLANG_CXX_LANGUAGE_STANDARD = "gnu++0x";
				CLANG_CXX_LIBRARY = "libc++";
				CLANG_ENABLE_MODULES = YES;
				CLANG_ENABLE_OBJC_ARC = YES;
				CLANG_WARN_BOOL_CONVERSION = YES;
				CLANG_WARN_CONSTANT_CONVERSION = YES;
				CLANG_WARN_DIRECT_OBJC_ISA_USAGE = YES_ERROR;
				CLANG_WARN_DOCUMENTATION_COMMENTS = YES;
				CLANG_WARN_EMPTY_BODY = YES;
				CLANG_WARN_ENUM_CONVERSION = YES;
				CLANG_WARN_INFINITE_RECURSION = YES;
				CLANG_WARN_INT_CONVERSION = YES;
				CLANG_WARN_OBJC_ROOT_CLASS = YES_ERROR;
				CLANG_WARN_SUSPICIOUS_MOVE = YES;
				CLANG_WARN_UNREACHABLE_CODE = YES;
				CLANG_WARN__DUPLICATE_METHOD_MATCH = YES;
				"CODE_SIGN_IDENTITY[sdk=iphoneos*]" = "iPhone Developer";
				COPY_PHASE_STRIP = NO;
				DEBUG_INFORMATION_FORMAT = dwarf;
				ENABLE_STRICT_OBJC_MSGSEND = YES;
				ENABLE_TESTABILITY = YES;
				GCC_C_LANGUAGE_STANDARD = gnu99;
				GCC_DYNAMIC_NO_PIC = NO;
				GCC_NO_COMMON_BLOCKS = YES;
				GCC_OPTIMIZATION_LEVEL = 0;
				GCC_PREPROCESSOR_DEFINITIONS = (
					"DEBUG=1",
					"$(inherited)",
				);
				GCC_WARN_64_TO_32_BIT_CONVERSION = YES;
				GCC_WARN_ABOUT_RETURN_TYPE = YES_ERROR;
				GCC_WARN_UNDECLARED_SELECTOR = YES;
				GCC_WARN_UNINITIALIZED_AUTOS = YES_AGGRESSIVE;
				GCC_WARN_UNUSED_FUNCTION = YES;
				GCC_WARN_UNUSED_VARIABLE = YES;
				IPHONEOS_DEPLOYMENT_TARGET = 10.2;
				MTL_ENABLE_DEBUG_INFO = YES;
				ONLY_ACTIVE_ARCH = YES;
				SDKROOT = iphoneos;
				SWIFT_ACTIVE_COMPILATION_CONDITIONS = DEBUG;
				SWIFT_OPTIMIZATION_LEVEL = "-Onone";
			};
			name = Debug;
		};
		56021FC01E6FDF1E00EABB7F /* Release */ = {
			isa = XCBuildConfiguration;
			buildSettings = {
				ALWAYS_SEARCH_USER_PATHS = NO;
				CLANG_ANALYZER_NONNULL = YES;
				CLANG_CXX_LANGUAGE_STANDARD = "gnu++0x";
				CLANG_CXX_LIBRARY = "libc++";
				CLANG_ENABLE_MODULES = YES;
				CLANG_ENABLE_OBJC_ARC = YES;
				CLANG_WARN_BOOL_CONVERSION = YES;
				CLANG_WARN_CONSTANT_CONVERSION = YES;
				CLANG_WARN_DIRECT_OBJC_ISA_USAGE = YES_ERROR;
				CLANG_WARN_DOCUMENTATION_COMMENTS = YES;
				CLANG_WARN_EMPTY_BODY = YES;
				CLANG_WARN_ENUM_CONVERSION = YES;
				CLANG_WARN_INFINITE_RECURSION = YES;
				CLANG_WARN_INT_CONVERSION = YES;
				CLANG_WARN_OBJC_ROOT_CLASS = YES_ERROR;
				CLANG_WARN_SUSPICIOUS_MOVE = YES;
				CLANG_WARN_UNREACHABLE_CODE = YES;
				CLANG_WARN__DUPLICATE_METHOD_MATCH = YES;
				"CODE_SIGN_IDENTITY[sdk=iphoneos*]" = "iPhone Developer";
				COPY_PHASE_STRIP = NO;
				DEBUG_INFORMATION_FORMAT = "dwarf-with-dsym";
				ENABLE_NS_ASSERTIONS = NO;
				ENABLE_STRICT_OBJC_MSGSEND = YES;
				GCC_C_LANGUAGE_STANDARD = gnu99;
				GCC_NO_COMMON_BLOCKS = YES;
				GCC_WARN_64_TO_32_BIT_CONVERSION = YES;
				GCC_WARN_ABOUT_RETURN_TYPE = YES_ERROR;
				GCC_WARN_UNDECLARED_SELECTOR = YES;
				GCC_WARN_UNINITIALIZED_AUTOS = YES_AGGRESSIVE;
				GCC_WARN_UNUSED_FUNCTION = YES;
				GCC_WARN_UNUSED_VARIABLE = YES;
				IPHONEOS_DEPLOYMENT_TARGET = 10.2;
				MTL_ENABLE_DEBUG_INFO = NO;
				SDKROOT = iphoneos;
				SWIFT_OPTIMIZATION_LEVEL = "-Owholemodule";
				VALIDATE_PRODUCT = YES;
			};
			name = Release;
		};
		56021FC21E6FDF1E00EABB7F /* Debug */ = {
			isa = XCBuildConfiguration;
			baseConfigurationReference = 7DA5F851CFD21887AA251A02 /* Pods-SearchFlickrWithRxSwift.debug.xcconfig */;
			buildSettings = {
				ASSETCATALOG_COMPILER_APPICON_NAME = AppIcon;
				DEVELOPMENT_TEAM = FPXNQTY99F;
				INFOPLIST_FILE = SearchFlickrWithRxSwift/Info.plist;
				IPHONEOS_DEPLOYMENT_TARGET = 9.0;
				LD_RUNPATH_SEARCH_PATHS = "$(inherited) @executable_path/Frameworks";
				PRODUCT_BUNDLE_IDENTIFIER = marian.SearchFlickrWithRxSwift;
				PRODUCT_NAME = "$(TARGET_NAME)";
				SWIFT_VERSION = 3.0;
			};
			name = Debug;
		};
		56021FC31E6FDF1E00EABB7F /* Release */ = {
			isa = XCBuildConfiguration;
			baseConfigurationReference = 4B74386B41FE9274556C4BFF /* Pods-SearchFlickrWithRxSwift.release.xcconfig */;
			buildSettings = {
				ASSETCATALOG_COMPILER_APPICON_NAME = AppIcon;
				DEVELOPMENT_TEAM = FPXNQTY99F;
				INFOPLIST_FILE = SearchFlickrWithRxSwift/Info.plist;
				IPHONEOS_DEPLOYMENT_TARGET = 9.0;
				LD_RUNPATH_SEARCH_PATHS = "$(inherited) @executable_path/Frameworks";
				PRODUCT_BUNDLE_IDENTIFIER = marian.SearchFlickrWithRxSwift;
				PRODUCT_NAME = "$(TARGET_NAME)";
				SWIFT_VERSION = 3.0;
			};
			name = Release;
		};
/* End XCBuildConfiguration section */

/* Begin XCConfigurationList section */
		56021FAA1E6FDF1E00EABB7F /* Build configuration list for PBXProject "SearchFlickrWithRxSwift" */ = {
			isa = XCConfigurationList;
			buildConfigurations = (
				56021FBF1E6FDF1E00EABB7F /* Debug */,
				56021FC01E6FDF1E00EABB7F /* Release */,
			);
			defaultConfigurationIsVisible = 0;
			defaultConfigurationName = Release;
		};
		56021FC11E6FDF1E00EABB7F /* Build configuration list for PBXNativeTarget "SearchFlickrWithRxSwift" */ = {
			isa = XCConfigurationList;
			buildConfigurations = (
				56021FC21E6FDF1E00EABB7F /* Debug */,
				56021FC31E6FDF1E00EABB7F /* Release */,
			);
			defaultConfigurationIsVisible = 0;
			defaultConfigurationName = Release;
		};
/* End XCConfigurationList section */
	};
	rootObject = 56021FA71E6FDF1E00EABB7F /* Project object */;
}
